
Microsoft Visual Studio Solution File, Format Version 12.00
Project("{FAE04EC0-301F-11D3-BF4B-00C04F79EFBC}") = "RebusClient", "Old\RebusClient\RebusClient.csproj", "{721EE37F-4E14-4EA8-8610-8FB933C7946F}"
EndProject
Project("{FAE04EC0-301F-11D3-BF4B-00C04F79EFBC}") = "RebusCore", "Old\RebusCore\RebusCore.csproj", "{798029E6-BB56-46BD-8F17-5D82F4CD6AD3}"
EndProject
Project("{FAE04EC0-301F-11D3-BF4B-00C04F79EFBC}") = "RebusServer", "Old\RebusServer\RebusServer.csproj", "{3D8832FE-E68D-4633-8CAA-646D7B176884}"
EndProject
Project("{FAE04EC0-301F-11D3-BF4B-00C04F79EFBC}") = "CorePlugin", "Old\CorePlugin\CorePlugin.csproj", "{9DBD4419-9A90-4014-A5FD-02980B271C90}"
EndProject
Project("{FAE04EC0-301F-11D3-BF4B-00C04F79EFBC}") = "Core", "Old\Core\Core.csproj", "{5E10E524-9E6C-4BB8-9225-51C8EA9BF93B}"
EndProject
Project("{2150E333-8FDC-42A3-9474-1A3956D46DE8}") = "Old", "Old", "{93369E71-AE13-4DEF-9790-926C7B00521D}"
EndProject
Project("{2150E333-8FDC-42A3-9474-1A3956D46DE8}") = "V1", "V1", "{C84AE67B-FBDE-4F6A-BE78-9FF2EBD0C3CB}"
EndProject
Project("{FAE04EC0-301F-11D3-BF4B-00C04F79EFBC}") = "Rebus.Data", "Rebus.Data\Rebus.Data.csproj", "{41CDA35B-7877-441B-983B-217B5D37A459}"
EndProject
Project("{FAE04EC0-301F-11D3-BF4B-00C04F79EFBC}") = "Rebus.Debug", "Rebus.Debug\Rebus.Debug.csproj", "{C0E3C446-08EE-44A2-A59A-942E7805091B}"
EndProject
Project("{FAE04EC0-301F-11D3-BF4B-00C04F79EFBC}") = "Rebus.Network", "Rebus.Network\Rebus.Network.csproj", "{0DC7992E-8C80-4299-A0FE-B102D1AD1EF0}"
EndProject
Global
	GlobalSection(SolutionConfigurationPlatforms) = preSolution
		Debug|Any CPU = Debug|Any CPU
		Release|Any CPU = Release|Any CPU
	EndGlobalSection
	GlobalSection(ProjectConfigurationPlatforms) = postSolution
		{721EE37F-4E14-4EA8-8610-8FB933C7946F}.Debug|Any CPU.ActiveCfg = Debug|Any CPU
		{721EE37F-4E14-4EA8-8610-8FB933C7946F}.Debug|Any CPU.Build.0 = Debug|Any CPU
		{721EE37F-4E14-4EA8-8610-8FB933C7946F}.Release|Any CPU.ActiveCfg = Release|Any CPU
		{721EE37F-4E14-4EA8-8610-8FB933C7946F}.Release|Any CPU.Build.0 = Release|Any CPU
		{798029E6-BB56-46BD-8F17-5D82F4CD6AD3}.Debug|Any CPU.ActiveCfg = Debug|Any CPU
		{798029E6-BB56-46BD-8F17-5D82F4CD6AD3}.Debug|Any CPU.Build.0 = Debug|Any CPU
		{798029E6-BB56-46BD-8F17-5D82F4CD6AD3}.Release|Any CPU.ActiveCfg = Release|Any CPU
		{798029E6-BB56-46BD-8F17-5D82F4CD6AD3}.Release|Any CPU.Build.0 = Release|Any CPU
		{3D8832FE-E68D-4633-8CAA-646D7B176884}.Debug|Any CPU.ActiveCfg = Debug|Any CPU
		{3D8832FE-E68D-4633-8CAA-646D7B176884}.Debug|Any CPU.Build.0 = Debug|Any CPU
		{3D8832FE-E68D-4633-8CAA-646D7B176884}.Release|Any CPU.ActiveCfg = Release|Any CPU
		{3D8832FE-E68D-4633-8CAA-646D7B176884}.Release|Any CPU.Build.0 = Release|Any CPU
		{9DBD4419-9A90-4014-A5FD-02980B271C90}.Debug|Any CPU.ActiveCfg = Debug|Any CPU
		{9DBD4419-9A90-4014-A5FD-02980B271C90}.Debug|Any CPU.Build.0 = Debug|Any CPU
		{9DBD4419-9A90-4014-A5FD-02980B271C90}.Release|Any CPU.ActiveCfg = Release|Any CPU
		{9DBD4419-9A90-4014-A5FD-02980B271C90}.Release|Any CPU.Build.0 = Release|Any CPU
		{5E10E524-9E6C-4BB8-9225-51C8EA9BF93B}.Debug|Any CPU.ActiveCfg = Debug|Any CPU
		{5E10E524-9E6C-4BB8-9225-51C8EA9BF93B}.Debug|Any CPU.Build.0 = Debug|Any CPU
		{5E10E524-9E6C-4BB8-9225-51C8EA9BF93B}.Release|Any CPU.ActiveCfg = Release|Any CPU
		{5E10E524-9E6C-4BB8-9225-51C8EA9BF93B}.Release|Any CPU.Build.0 = Release|Any CPU
		{41CDA35B-7877-441B-983B-217B5D37A459}.Debug|Any CPU.ActiveCfg = Debug|Any CPU
		{41CDA35B-7877-441B-983B-217B5D37A459}.Debug|Any CPU.Build.0 = Debug|Any CPU
		{41CDA35B-7877-441B-983B-217B5D37A459}.Release|Any CPU.ActiveCfg = Release|Any CPU
		{41CDA35B-7877-441B-983B-217B5D37A459}.Release|Any CPU.Build.0 = Release|Any CPU
		{C0E3C446-08EE-44A2-A59A-942E7805091B}.Debug|Any CPU.ActiveCfg = Debug|Any CPU
		{C0E3C446-08EE-44A2-A59A-942E7805091B}.Debug|Any CPU.Build.0 = Debug|Any CPU
		{C0E3C446-08EE-44A2-A59A-942E7805091B}.Release|Any CPU.ActiveCfg = Release|Any CPU
		{C0E3C446-08EE-44A2-A59A-942E7805091B}.Release|Any CPU.Build.0 = Release|Any CPU
		{0DC7992E-8C80-4299-A0FE-B102D1AD1EF0}.Debug|Any CPU.ActiveCfg = Debug|Any CPU
		{0DC7992E-8C80-4299-A0FE-B102D1AD1EF0}.Debug|Any CPU.Build.0 = Debug|Any CPU
		{0DC7992E-8C80-4299-A0FE-B102D1AD1EF0}.Release|Any CPU.ActiveCfg = Release|Any CPU
		{0DC7992E-8C80-4299-A0FE-B102D1AD1EF0}.Release|Any CPU.Build.0 = Release|Any CPU
	EndGlobalSection
	GlobalSection(NestedProjects) = preSolution
		{5E10E524-9E6C-4BB8-9225-51C8EA9BF93B} = {93369E71-AE13-4DEF-9790-926C7B00521D}
		{9DBD4419-9A90-4014-A5FD-02980B271C90} = {93369E71-AE13-4DEF-9790-926C7B00521D}
		{721EE37F-4E14-4EA8-8610-8FB933C7946F} = {93369E71-AE13-4DEF-9790-926C7B00521D}
		{798029E6-BB56-46BD-8F17-5D82F4CD6AD3} = {93369E71-AE13-4DEF-9790-926C7B00521D}
		{3D8832FE-E68D-4633-8CAA-646D7B176884} = {93369E71-AE13-4DEF-9790-926C7B00521D}
		{41CDA35B-7877-441B-983B-217B5D37A459} = {C84AE67B-FBDE-4F6A-BE78-9FF2EBD0C3CB}
		{C0E3C446-08EE-44A2-A59A-942E7805091B} = {C84AE67B-FBDE-4F6A-BE78-9FF2EBD0C3CB}
		{0DC7992E-8C80-4299-A0FE-B102D1AD1EF0} = {C84AE67B-FBDE-4F6A-BE78-9FF2EBD0C3CB}
	EndGlobalSection
EndGlobal
